
Microsoft Visual Studio Solution File, Format Version 11.00
# Visual Studio 2010
Project("{FAE04EC0-301F-11D3-BF4B-00C04F79EFBC}") = "Assembly-CSharp", "Assembly-CSharp.csproj", "{80b7aaf2-abb5-5b7b-cb66-f98342f1e594}"
EndProject
Project("{FAE04EC0-301F-11D3-BF4B-00C04F79EFBC}") = "Assembly-CSharp-Editor", "Assembly-CSharp-Editor.csproj", "{a70df43e-427f-e753-d71a-a2bebaf4da46}"
EndProject
Global
	GlobalSection(SolutionConfigurationPlatforms) = preSolution
		Debug|Any CPU = Debug|Any CPU
		Release|Any CPU = Release|Any CPU
	EndGlobalSection
	GlobalSection(ProjectConfigurationPlatforms) = postSolution
		{80b7aaf2-abb5-5b7b-cb66-f98342f1e594}.Debug|Any CPU.ActiveCfg = Debug|Any CPU
		{80b7aaf2-abb5-5b7b-cb66-f98342f1e594}.Debug|Any CPU.Build.0 = Debug|Any CPU
		{80b7aaf2-abb5-5b7b-cb66-f98342f1e594}.Release|Any CPU.ActiveCfg = Release|Any CPU
		{80b7aaf2-abb5-5b7b-cb66-f98342f1e594}.Release|Any CPU.Build.0 = Release|Any CPU
		{a70df43e-427f-e753-d71a-a2bebaf4da46}.Debug|Any CPU.ActiveCfg = Debug|Any CPU
		{a70df43e-427f-e753-d71a-a2bebaf4da46}.Debug|Any CPU.Build.0 = Debug|Any CPU
		{a70df43e-427f-e753-d71a-a2bebaf4da46}.Release|Any CPU.ActiveCfg = Release|Any CPU
		{a70df43e-427f-e753-d71a-a2bebaf4da46}.Release|Any CPU.Build.0 = Release|Any CPU
	EndGlobalSection
	GlobalSection(SolutionProperties) = preSolution
		HideSolutionNode = FALSE
	EndGlobalSection
EndGlobal
